# THIS IS AN AUTOGENERATED FILE. DO NOT EDIT THIS FILE DIRECTLY.
# yarn lockfile v1


"@graphql-typed-document-node/core@^3.1.0":
  version "3.1.0"
  resolved "https://registry.npmjs.org/@graphql-typed-document-node/core/-/core-3.1.0.tgz#0eee6373e11418bfe0b5638f654df7a4ca6a3950"
  integrity sha512-wYn6r8zVZyQJ6rQaALBEln5B1pzxb9shV5Ef97kTvn6yVGrqyXVnDqnU24MXnFubR+rZjBY9NWuxX3FB2sTsjg==

"@urql/core@^2.1.4":
  version "2.3.0"
  resolved "https://registry.npmjs.org/@urql/core/-/core-2.3.0.tgz#3bc34e46e0ac9646a5bfcfad2c93872a1d20106b"
  integrity sha512-pBw3LxqoYroXlLb+jvWrLyNpGl2WRvga9ZSco99aG/o/pMKb5ugfDVPPGPE7UCh7IGI4rb/2xPEmkiWdrtYbkg==
  dependencies:
    "@graphql-typed-document-node/core" "^3.1.0"
    wonka "^4.0.14"

graphql@^15.5.1:
  version "15.5.1"
  resolved "https://registry.npmjs.org/graphql/-/graphql-15.5.1.tgz#f2f84415d8985e7b84731e7f3536f8bb9d383aad"
  integrity sha512-FeTRX67T3LoE3LWAxxOlW2K3Bz+rMYAC18rRguK4wgXaTZMiJwSUwDmPFo3UadAKbzirKIg5Qy+sNJXbpPRnQw==

urql@^2.0.4:
  version "2.0.4"
  resolved "https://registry.npmjs.org/urql/-/urql-2.0.4.tgz#8d6d9f98521c45afc56ca1373141a5cc767af49f"
  integrity sha512-ARITb+l+DsGbK/y3mxQjbC4lw8Z4IqFfk4Va8Eg1rDpN1HhOkMTxFA/YvGZoQIU1re/SsARLe//TEBtsgH0/CQ==
  dependencies:
    "@urql/core" "^2.1.4"
    wonka "^4.0.14"

wonka@^4.0.14:
  version "4.0.15"
  resolved "https://registry.npmjs.org/wonka/-/wonka-4.0.15.tgz#9aa42046efa424565ab8f8f451fcca955bf80b89"
  integrity sha512-U0IUQHKXXn6PFo9nqsHphVCE5m3IntqZNB9Jjn7EB1lrR7YTDY3YWgFvEvwniTzXSvOH/XMzAZaIfJF/LvHYXg==
